{
  "definition": "./",
  "optionals": [],
  "private": {
    "libraries": [ {
      "definition": "../",
      "hash": "d6f1465fec96ab2d8bed50c5213069f598004baa",
      "name": "Zefiros-Software/Slacking",
      "public": {
        "libraries": [ {
          "definition": "https://github.com/Zefiros-Software/cURL.git",
          "hash": "e2a5930b63523af27f503f1280107acf3290e2e7",
          "name": "Zefiros-Software/cURL",
          "private": {
            "libraries": [ {
              "definition": "https://github.com/Zefiros-Software/mbedTLS.git",
              "hash": "7b2b642ad027650d85e550c14565dac86ee59fbc",
              "name": "Zefiros-Software/mbedTLS",
              "repository": "https://github.com/ARMmbed/mbedtls.git",
              "tag": "mbedtls-2.6.1",
              "version": "2.6.1",
              "versionRequirement": "^2.3.2"
            } ]
          },
          "repository": "https://github.com/curl/curl.git",
          "tag": "curl-7_55_1",
          "version": "7_55_1",
          "versionRequirement": "^7.50.0"
        } ]
      },
      "repository": "https://github.com/coin-au-carre/slacking.git",
      "tag": "HEAD",
      "versionRequirement": "@head"
    } ],
    "modules": [ {
      "definition": "https://github.com/Zefiros-Software/ZefirosDefaults.git",
      "hash": "9ec8e43e7ca1d9eab61e4514a8741234c2b8232f",
      "name": "Zefiros-Software/Defaults",
      "public": {
        "libraries": [ {
          "definition": "https://github.com/Zefiros-Software/GoogleTest.git",
          "hash": "b4d333f14f977b3668de4e794d7d2e00b322d59a",
          "name": "Zefiros-Software/GoogleTest",
          "repository": "https://github.com/google/googletest.git",
          "tag": "release-1.4.0",
          "version": "1.4.0",
          "versionRequirement": "@head || ^1.0.0"
        }, {
          "definition": "https://github.com/Zefiros-Software/GoogleBenchmark.git",
          "hash": "56f52ee228783547f544d9ac4a533574b9010e3f",
          "name": "Zefiros-Software/GoogleBenchmark",
          "repository": "https://github.com/google/benchmark.git",
          "tag": "HEAD",
          "versionRequirement": "@head"
        } ]
      },
      "repository": "https://github.com/Zefiros-Software/ZefirosDefaults.git",
      "tag": "HEAD",
      "versionRequirement": "@head"
    }, {
      "definition": "https://github.com/mindreframer/ProFi.lua.git",
      "hash": "19bceba0b77435717584bc60ce7239869e8c508b",
      "name": "mindreframer/ProFi",
      "repository": "https://github.com/mindreframer/ProFi.lua.git",
      "tag": "master",
      "versionRequirement": "*"
    } ]
  },
  "repository": "./"
}